
Microsoft Visual Studio Solution File, Format Version 12.00
# Visual Studio Version 17
VisualStudioVersion = 17.3.32804.467
MinimumVisualStudioVersion = 15.0.26124.0
Project("{2150E333-8FDC-42A3-9474-1A3956D46DE8}") = "src", "src", "{C79CCF59-F99B-47B9-AFBC-04C5CFE317F1}"
EndProject
Project("{6EC3EE1D-3C4E-46DD-8F32-0CC8E7565705}") = "Fable.Store", "src\Fable.Store\Fable.Store.fsproj", "{517E93EC-2D1D-4FBD-9763-762F0868B34C}"
EndProject
Project("{6EC3EE1D-3C4E-46DD-8F32-0CC8E7565705}") = "Fable.SvelteStore", "src\Fable.SvelteStore\Fable.SvelteStore.fsproj", "{4875EB81-AD67-4EE7-9BD8-F67139D65DB6}"
EndProject
Project("{2150E333-8FDC-42A3-9474-1A3956D46DE8}") = "samples", "samples", "{75848987-1EA4-4C34-845A-9AB14B76CDD1}"
EndProject
Project("{2150E333-8FDC-42A3-9474-1A3956D46DE8}") = "App", "App", "{1AB18684-BA9F-4DF2-9BA9-4B43A2E4B779}"
EndProject
Project("{6EC3EE1D-3C4E-46DD-8F32-0CC8E7565705}") = "App", "samples\App\src\App.fsproj", "{3DED0940-98BC-4F0B-BA3F-7BF1A84B55F3}"
EndProject
Project("{6EC3EE1D-3C4E-46DD-8F32-0CC8E7565705}") = "Fable.SveltePlugins", "src\Fable.SveltePlugins\Fable.SveltePlugins.fsproj", "{660DA086-4063-40CD-9AA3-C800BC858DB1}"
EndProject
Project("{6EC3EE1D-3C4E-46DD-8F32-0CC8E7565705}") = "Fable.ReactStore", "src\Fable.ReactStore\Fable.ReactStore.fsproj", "{15F0C697-49CE-4706-A84F-479F22CED14B}"
EndProject
Project("{2150E333-8FDC-42A3-9474-1A3956D46DE8}") = "FelizSvelte", "FelizSvelte", "{C03D6FC1-1ABE-43BD-907B-9F68DF2F1267}"
EndProject
Project("{6EC3EE1D-3C4E-46DD-8F32-0CC8E7565705}") = "FelizSvelte", "samples\FelizSvelte\src\FelizSvelte.fsproj", "{37724441-3E93-4970-AC6B-F8A1E395CBCA}"
EndProject
Project("{F2A71F9B-5D33-465A-A702-920D77279786}") = "Fable.LitStore", "Fable.LitStore\Fable.LitStore.fsproj", "{55B82678-3510-4148-9B6D-F5F169E396C3}"
EndProject
Global
	GlobalSection(SolutionConfigurationPlatforms) = preSolution
		Debug|Any CPU = Debug|Any CPU
		Debug|x64 = Debug|x64
		Debug|x86 = Debug|x86
		Release|Any CPU = Release|Any CPU
		Release|x64 = Release|x64
		Release|x86 = Release|x86
	EndGlobalSection
	GlobalSection(ProjectConfigurationPlatforms) = postSolution
		{517E93EC-2D1D-4FBD-9763-762F0868B34C}.Debug|Any CPU.ActiveCfg = Debug|Any CPU
		{517E93EC-2D1D-4FBD-9763-762F0868B34C}.Debug|Any CPU.Build.0 = Debug|Any CPU
		{517E93EC-2D1D-4FBD-9763-762F0868B34C}.Debug|x64.ActiveCfg = Debug|Any CPU
		{517E93EC-2D1D-4FBD-9763-762F0868B34C}.Debug|x64.Build.0 = Debug|Any CPU
		{517E93EC-2D1D-4FBD-9763-762F0868B34C}.Debug|x86.ActiveCfg = Debug|Any CPU
		{517E93EC-2D1D-4FBD-9763-762F0868B34C}.Debug|x86.Build.0 = Debug|Any CPU
		{517E93EC-2D1D-4FBD-9763-762F0868B34C}.Release|Any CPU.ActiveCfg = Release|Any CPU
		{517E93EC-2D1D-4FBD-9763-762F0868B34C}.Release|Any CPU.Build.0 = Release|Any CPU
		{517E93EC-2D1D-4FBD-9763-762F0868B34C}.Release|x64.ActiveCfg = Release|Any CPU
		{517E93EC-2D1D-4FBD-9763-762F0868B34C}.Release|x64.Build.0 = Release|Any CPU
		{517E93EC-2D1D-4FBD-9763-762F0868B34C}.Release|x86.ActiveCfg = Release|Any CPU
		{517E93EC-2D1D-4FBD-9763-762F0868B34C}.Release|x86.Build.0 = Release|Any CPU
		{4875EB81-AD67-4EE7-9BD8-F67139D65DB6}.Debug|Any CPU.ActiveCfg = Debug|Any CPU
		{4875EB81-AD67-4EE7-9BD8-F67139D65DB6}.Debug|Any CPU.Build.0 = Debug|Any CPU
		{4875EB81-AD67-4EE7-9BD8-F67139D65DB6}.Debug|x64.ActiveCfg = Debug|Any CPU
		{4875EB81-AD67-4EE7-9BD8-F67139D65DB6}.Debug|x64.Build.0 = Debug|Any CPU
		{4875EB81-AD67-4EE7-9BD8-F67139D65DB6}.Debug|x86.ActiveCfg = Debug|Any CPU
		{4875EB81-AD67-4EE7-9BD8-F67139D65DB6}.Debug|x86.Build.0 = Debug|Any CPU
		{4875EB81-AD67-4EE7-9BD8-F67139D65DB6}.Release|Any CPU.ActiveCfg = Release|Any CPU
		{4875EB81-AD67-4EE7-9BD8-F67139D65DB6}.Release|Any CPU.Build.0 = Release|Any CPU
		{4875EB81-AD67-4EE7-9BD8-F67139D65DB6}.Release|x64.ActiveCfg = Release|Any CPU
		{4875EB81-AD67-4EE7-9BD8-F67139D65DB6}.Release|x64.Build.0 = Release|Any CPU
		{4875EB81-AD67-4EE7-9BD8-F67139D65DB6}.Release|x86.ActiveCfg = Release|Any CPU
		{4875EB81-AD67-4EE7-9BD8-F67139D65DB6}.Release|x86.Build.0 = Release|Any CPU
		{3DED0940-98BC-4F0B-BA3F-7BF1A84B55F3}.Debug|Any CPU.ActiveCfg = Debug|Any CPU
		{3DED0940-98BC-4F0B-BA3F-7BF1A84B55F3}.Debug|Any CPU.Build.0 = Debug|Any CPU
		{3DED0940-98BC-4F0B-BA3F-7BF1A84B55F3}.Debug|x64.ActiveCfg = Debug|Any CPU
		{3DED0940-98BC-4F0B-BA3F-7BF1A84B55F3}.Debug|x64.Build.0 = Debug|Any CPU
		{3DED0940-98BC-4F0B-BA3F-7BF1A84B55F3}.Debug|x86.ActiveCfg = Debug|Any CPU
		{3DED0940-98BC-4F0B-BA3F-7BF1A84B55F3}.Debug|x86.Build.0 = Debug|Any CPU
		{3DED0940-98BC-4F0B-BA3F-7BF1A84B55F3}.Release|Any CPU.ActiveCfg = Release|Any CPU
		{3DED0940-98BC-4F0B-BA3F-7BF1A84B55F3}.Release|Any CPU.Build.0 = Release|Any CPU
		{3DED0940-98BC-4F0B-BA3F-7BF1A84B55F3}.Release|x64.ActiveCfg = Release|Any CPU
		{3DED0940-98BC-4F0B-BA3F-7BF1A84B55F3}.Release|x64.Build.0 = Release|Any CPU
		{3DED0940-98BC-4F0B-BA3F-7BF1A84B55F3}.Release|x86.ActiveCfg = Release|Any CPU
		{3DED0940-98BC-4F0B-BA3F-7BF1A84B55F3}.Release|x86.Build.0 = Release|Any CPU
		{660DA086-4063-40CD-9AA3-C800BC858DB1}.Debug|Any CPU.ActiveCfg = Debug|Any CPU
		{660DA086-4063-40CD-9AA3-C800BC858DB1}.Debug|Any CPU.Build.0 = Debug|Any CPU
		{660DA086-4063-40CD-9AA3-C800BC858DB1}.Debug|x64.ActiveCfg = Debug|Any CPU
		{660DA086-4063-40CD-9AA3-C800BC858DB1}.Debug|x64.Build.0 = Debug|Any CPU
		{660DA086-4063-40CD-9AA3-C800BC858DB1}.Debug|x86.ActiveCfg = Debug|Any CPU
		{660DA086-4063-40CD-9AA3-C800BC858DB1}.Debug|x86.Build.0 = Debug|Any CPU
		{660DA086-4063-40CD-9AA3-C800BC858DB1}.Release|Any CPU.ActiveCfg = Release|Any CPU
		{660DA086-4063-40CD-9AA3-C800BC858DB1}.Release|Any CPU.Build.0 = Release|Any CPU
		{660DA086-4063-40CD-9AA3-C800BC858DB1}.Release|x64.ActiveCfg = Release|Any CPU
		{660DA086-4063-40CD-9AA3-C800BC858DB1}.Release|x64.Build.0 = Release|Any CPU
		{660DA086-4063-40CD-9AA3-C800BC858DB1}.Release|x86.ActiveCfg = Release|Any CPU
		{660DA086-4063-40CD-9AA3-C800BC858DB1}.Release|x86.Build.0 = Release|Any CPU
		{15F0C697-49CE-4706-A84F-479F22CED14B}.Debug|Any CPU.ActiveCfg = Debug|Any CPU
		{15F0C697-49CE-4706-A84F-479F22CED14B}.Debug|Any CPU.Build.0 = Debug|Any CPU
		{15F0C697-49CE-4706-A84F-479F22CED14B}.Debug|x64.ActiveCfg = Debug|Any CPU
		{15F0C697-49CE-4706-A84F-479F22CED14B}.Debug|x64.Build.0 = Debug|Any CPU
		{15F0C697-49CE-4706-A84F-479F22CED14B}.Debug|x86.ActiveCfg = Debug|Any CPU
		{15F0C697-49CE-4706-A84F-479F22CED14B}.Debug|x86.Build.0 = Debug|Any CPU
		{15F0C697-49CE-4706-A84F-479F22CED14B}.Release|Any CPU.ActiveCfg = Release|Any CPU
		{15F0C697-49CE-4706-A84F-479F22CED14B}.Release|Any CPU.Build.0 = Release|Any CPU
		{15F0C697-49CE-4706-A84F-479F22CED14B}.Release|x64.ActiveCfg = Release|Any CPU
		{15F0C697-49CE-4706-A84F-479F22CED14B}.Release|x64.Build.0 = Release|Any CPU
		{15F0C697-49CE-4706-A84F-479F22CED14B}.Release|x86.ActiveCfg = Release|Any CPU
		{15F0C697-49CE-4706-A84F-479F22CED14B}.Release|x86.Build.0 = Release|Any CPU
		{37724441-3E93-4970-AC6B-F8A1E395CBCA}.Debug|Any CPU.ActiveCfg = Debug|Any CPU
		{37724441-3E93-4970-AC6B-F8A1E395CBCA}.Debug|Any CPU.Build.0 = Debug|Any CPU
		{37724441-3E93-4970-AC6B-F8A1E395CBCA}.Debug|x64.ActiveCfg = Debug|Any CPU
		{37724441-3E93-4970-AC6B-F8A1E395CBCA}.Debug|x64.Build.0 = Debug|Any CPU
		{37724441-3E93-4970-AC6B-F8A1E395CBCA}.Debug|x86.ActiveCfg = Debug|Any CPU
		{37724441-3E93-4970-AC6B-F8A1E395CBCA}.Debug|x86.Build.0 = Debug|Any CPU
		{37724441-3E93-4970-AC6B-F8A1E395CBCA}.Release|Any CPU.ActiveCfg = Release|Any CPU
		{37724441-3E93-4970-AC6B-F8A1E395CBCA}.Release|Any CPU.Build.0 = Release|Any CPU
		{37724441-3E93-4970-AC6B-F8A1E395CBCA}.Release|x64.ActiveCfg = Release|Any CPU
		{37724441-3E93-4970-AC6B-F8A1E395CBCA}.Release|x64.Build.0 = Release|Any CPU
		{37724441-3E93-4970-AC6B-F8A1E395CBCA}.Release|x86.ActiveCfg = Release|Any CPU
		{37724441-3E93-4970-AC6B-F8A1E395CBCA}.Release|x86.Build.0 = Release|Any CPU
		{55B82678-3510-4148-9B6D-F5F169E396C3}.Debug|Any CPU.ActiveCfg = Debug|Any CPU
		{55B82678-3510-4148-9B6D-F5F169E396C3}.Debug|Any CPU.Build.0 = Debug|Any CPU
		{55B82678-3510-4148-9B6D-F5F169E396C3}.Debug|x64.ActiveCfg = Debug|Any CPU
		{55B82678-3510-4148-9B6D-F5F169E396C3}.Debug|x64.Build.0 = Debug|Any CPU
		{55B82678-3510-4148-9B6D-F5F169E396C3}.Debug|x86.ActiveCfg = Debug|Any CPU
		{55B82678-3510-4148-9B6D-F5F169E396C3}.Debug|x86.Build.0 = Debug|Any CPU
		{55B82678-3510-4148-9B6D-F5F169E396C3}.Release|Any CPU.ActiveCfg = Release|Any CPU
		{55B82678-3510-4148-9B6D-F5F169E396C3}.Release|Any CPU.Build.0 = Release|Any CPU
		{55B82678-3510-4148-9B6D-F5F169E396C3}.Release|x64.ActiveCfg = Release|Any CPU
		{55B82678-3510-4148-9B6D-F5F169E396C3}.Release|x64.Build.0 = Release|Any CPU
		{55B82678-3510-4148-9B6D-F5F169E396C3}.Release|x86.ActiveCfg = Release|Any CPU
		{55B82678-3510-4148-9B6D-F5F169E396C3}.Release|x86.Build.0 = Release|Any CPU
	EndGlobalSection
	GlobalSection(SolutionProperties) = preSolution
		HideSolutionNode = FALSE
	EndGlobalSection
	GlobalSection(NestedProjects) = preSolution
		{517E93EC-2D1D-4FBD-9763-762F0868B34C} = {C79CCF59-F99B-47B9-AFBC-04C5CFE317F1}
		{4875EB81-AD67-4EE7-9BD8-F67139D65DB6} = {C79CCF59-F99B-47B9-AFBC-04C5CFE317F1}
		{1AB18684-BA9F-4DF2-9BA9-4B43A2E4B779} = {75848987-1EA4-4C34-845A-9AB14B76CDD1}
		{3DED0940-98BC-4F0B-BA3F-7BF1A84B55F3} = {1AB18684-BA9F-4DF2-9BA9-4B43A2E4B779}
		{660DA086-4063-40CD-9AA3-C800BC858DB1} = {C79CCF59-F99B-47B9-AFBC-04C5CFE317F1}
		{15F0C697-49CE-4706-A84F-479F22CED14B} = {C79CCF59-F99B-47B9-AFBC-04C5CFE317F1}
		{C03D6FC1-1ABE-43BD-907B-9F68DF2F1267} = {75848987-1EA4-4C34-845A-9AB14B76CDD1}
		{37724441-3E93-4970-AC6B-F8A1E395CBCA} = {C03D6FC1-1ABE-43BD-907B-9F68DF2F1267}
		{55B82678-3510-4148-9B6D-F5F169E396C3} = {C79CCF59-F99B-47B9-AFBC-04C5CFE317F1}
	EndGlobalSection
	GlobalSection(ExtensibilityGlobals) = postSolution
		SolutionGuid = {91EE31D1-99B9-4C1D-B58C-4AD28A243937}
	EndGlobalSection
EndGlobal
