{
  "name": "Fable.Store",
  "lockfileVersion": 2,
  "requires": true,
  "packages": {
    "": {
      "devDependencies": {
        "fable-publish-utils": "^2.0.0"
      }
    },
    "node_modules/fable-publish-utils": {
      "version": "2.0.0",
      "resolved": "https://registry.npmjs.org/fable-publish-utils/-/fable-publish-utils-2.0.0.tgz",
      "integrity": "sha512-VLLGbgUVTnN/oScXcVb2LkH20Y5Pa24S4TXV83LYHjyvJS9CTaYTo/+kHiGE7BGPeS6FShsDHsCCGY+fhQ5BWA==",
      "dev": true
    }
  },
  "dependencies": {
    "fable-publish-utils": {
      "version": "2.0.0",
      "resolved": "https://registry.npmjs.org/fable-publish-utils/-/fable-publish-utils-2.0.0.tgz",
      "integrity": "sha512-VLLGbgUVTnN/oScXcVb2LkH20Y5Pa24S4TXV83LYHjyvJS9CTaYTo/+kHiGE7BGPeS6FShsDHsCCGY+fhQ5BWA==",
      "dev": true
    }
  }
}
